
Microsoft Visual Studio Solution File, Format Version 12.00
# Visual Studio Version 16
VisualStudioVersion = 16.0.30611.23
MinimumVisualStudioVersion = 10.0.40219.1
Project("{FAE04EC0-301F-11D3-BF4B-00C04F79EFBC}") = "Proyecto Prueba 2", "Proyecto Prueba 2.csproj", "{B7E0297F-F115-4E93-BDB8-85BA1BC464FA}"
EndProject
Global
	GlobalSection(SolutionConfigurationPlatforms) = preSolution
		Debug|Any CPU = Debug|Any CPU
		Release|Any CPU = Release|Any CPU
	EndGlobalSection
	GlobalSection(ProjectConfigurationPlatforms) = postSolution
		{B7E0297F-F115-4E93-BDB8-85BA1BC464FA}.Debug|Any CPU.ActiveCfg = Debug|Any CPU
		{B7E0297F-F115-4E93-BDB8-85BA1BC464FA}.Debug|Any CPU.Build.0 = Debug|Any CPU
		{B7E0297F-F115-4E93-BDB8-85BA1BC464FA}.Release|Any CPU.ActiveCfg = Release|Any CPU
		{B7E0297F-F115-4E93-BDB8-85BA1BC464FA}.Release|Any CPU.Build.0 = Release|Any CPU
	EndGlobalSection
	GlobalSection(SolutionProperties) = preSolution
		HideSolutionNode = FALSE
	EndGlobalSection
	GlobalSection(ExtensibilityGlobals) = postSolution
		SolutionGuid = {BB8F8D32-C607-4532-99EE-A26F3537CAF3}
	EndGlobalSection
EndGlobal
